
Microsoft Visual Studio Solution File, Format Version 12.00
Project("{FAE04EC0-301F-11D3-BF4B-00C04F79EFBC}") = "SampleProgram", "SampleProgram\SampleProgram.csproj", "{D66DA635-D2B4-4E25-94E3-547988A7046C}"
EndProject
Project("{FAE04EC0-301F-11D3-BF4B-00C04F79EFBC}") = "SampleProgram.Tests", "SampleProgram.Tests\SampleProgram.Tests.csproj", "{A79AF6B1-304E-47CF-81EF-5D9CE9307714}"
EndProject
Global
	GlobalSection(SolutionConfigurationPlatforms) = preSolution
		Debug|Any CPU = Debug|Any CPU
		Release|Any CPU = Release|Any CPU
	EndGlobalSection
	GlobalSection(ProjectConfigurationPlatforms) = postSolution
		{D66DA635-D2B4-4E25-94E3-547988A7046C}.Debug|Any CPU.ActiveCfg = Debug|Any CPU
		{D66DA635-D2B4-4E25-94E3-547988A7046C}.Debug|Any CPU.Build.0 = Debug|Any CPU
		{D66DA635-D2B4-4E25-94E3-547988A7046C}.Release|Any CPU.ActiveCfg = Release|Any CPU
		{D66DA635-D2B4-4E25-94E3-547988A7046C}.Release|Any CPU.Build.0 = Release|Any CPU
		{A79AF6B1-304E-47CF-81EF-5D9CE9307714}.Debug|Any CPU.ActiveCfg = Debug|Any CPU
		{A79AF6B1-304E-47CF-81EF-5D9CE9307714}.Debug|Any CPU.Build.0 = Debug|Any CPU
		{A79AF6B1-304E-47CF-81EF-5D9CE9307714}.Release|Any CPU.ActiveCfg = Release|Any CPU
		{A79AF6B1-304E-47CF-81EF-5D9CE9307714}.Release|Any CPU.Build.0 = Release|Any CPU
	EndGlobalSection
EndGlobal
