
Microsoft Visual Studio Solution File, Format Version 12.00
# Visual Studio Version 17
VisualStudioVersion = 17.1.32210.238
MinimumVisualStudioVersion = 10.0.40219.1
Project("{9A19103F-16F7-4668-BE54-9A1E7A4F7556}") = "DataAccess.API", "DataAccess.API\DataAccess.API.csproj", "{C6FB7FD8-5EA0-4368-8A37-A0D0A665346C}"
EndProject
Project("{9A19103F-16F7-4668-BE54-9A1E7A4F7556}") = "DataAccess.Database", "DataAccess.Database\DataAccess.Database.csproj", "{5F774225-4CB5-4E3C-877A-D7C8F305DF16}"
EndProject
Project("{9A19103F-16F7-4668-BE54-9A1E7A4F7556}") = "DataAccess.Database.Tests", "DataAccess.Database.Tests\DataAccess.Database.Tests.csproj", "{0AA6574D-017F-4443-B574-7006B4F234C5}"
EndProject
Project("{9A19103F-16F7-4668-BE54-9A1E7A4F7556}") = "BusinessLogic", "BusinessLogic\BusinessLogic.csproj", "{58B6B832-0A15-401F-8218-6267CB51B01A}"
EndProject
Project("{9A19103F-16F7-4668-BE54-9A1E7A4F7556}") = "BusinessLogic.Tests", "BusinessLogic.Tests\BusinessLogic.Tests.csproj", "{93C3DCE1-58CE-459D-B83B-AFE9302D30D5}"
EndProject
Project("{9A19103F-16F7-4668-BE54-9A1E7A4F7556}") = "Presentation.Core", "Presentation.Core\Presentation.Core.csproj", "{421D3FFC-4900-49D1-A9CF-A86424A33933}"
EndProject
Project("{9A19103F-16F7-4668-BE54-9A1E7A4F7556}") = "Presentation.WPF", "Presentation.WPF\Presentation.WPF.csproj", "{E44C0343-0D2E-45A7-BF51-3BC32B1450A0}"
EndProject
Project("{2150E333-8FDC-42A3-9474-1A3956D46DE8}") = "Solution Items", "Solution Items", "{B7B313F7-1912-4243-80A9-FCA2F8971158}"
	ProjectSection(SolutionItems) = preProject
		README.md = README.md
	EndProjectSection
EndProject
Project("{9A19103F-16F7-4668-BE54-9A1E7A4F7556}") = "Presentation.Core.Tests", "Presentation.Core.Tests\Presentation.Core.Tests.csproj", "{8432A93B-A90A-426C-861F-E00D147BB25A}"
EndProject
Project("{FAE04EC0-301F-11D3-BF4B-00C04F79EFBC}") = "DBTest", "DBTest\DBTest.csproj", "{CD10CDAC-78B0-4264-8275-4D2CE4FDB3FC}"
EndProject
Global
	GlobalSection(SolutionConfigurationPlatforms) = preSolution
		Debug|Any CPU = Debug|Any CPU
		Release|Any CPU = Release|Any CPU
	EndGlobalSection
	GlobalSection(ProjectConfigurationPlatforms) = postSolution
		{C6FB7FD8-5EA0-4368-8A37-A0D0A665346C}.Debug|Any CPU.ActiveCfg = Debug|Any CPU
		{C6FB7FD8-5EA0-4368-8A37-A0D0A665346C}.Debug|Any CPU.Build.0 = Debug|Any CPU
		{C6FB7FD8-5EA0-4368-8A37-A0D0A665346C}.Release|Any CPU.ActiveCfg = Release|Any CPU
		{C6FB7FD8-5EA0-4368-8A37-A0D0A665346C}.Release|Any CPU.Build.0 = Release|Any CPU
		{5F774225-4CB5-4E3C-877A-D7C8F305DF16}.Debug|Any CPU.ActiveCfg = Debug|Any CPU
		{5F774225-4CB5-4E3C-877A-D7C8F305DF16}.Debug|Any CPU.Build.0 = Debug|Any CPU
		{5F774225-4CB5-4E3C-877A-D7C8F305DF16}.Release|Any CPU.ActiveCfg = Release|Any CPU
		{5F774225-4CB5-4E3C-877A-D7C8F305DF16}.Release|Any CPU.Build.0 = Release|Any CPU
		{0AA6574D-017F-4443-B574-7006B4F234C5}.Debug|Any CPU.ActiveCfg = Debug|Any CPU
		{0AA6574D-017F-4443-B574-7006B4F234C5}.Debug|Any CPU.Build.0 = Debug|Any CPU
		{0AA6574D-017F-4443-B574-7006B4F234C5}.Release|Any CPU.ActiveCfg = Release|Any CPU
		{0AA6574D-017F-4443-B574-7006B4F234C5}.Release|Any CPU.Build.0 = Release|Any CPU
		{58B6B832-0A15-401F-8218-6267CB51B01A}.Debug|Any CPU.ActiveCfg = Debug|Any CPU
		{58B6B832-0A15-401F-8218-6267CB51B01A}.Debug|Any CPU.Build.0 = Debug|Any CPU
		{58B6B832-0A15-401F-8218-6267CB51B01A}.Release|Any CPU.ActiveCfg = Release|Any CPU
		{58B6B832-0A15-401F-8218-6267CB51B01A}.Release|Any CPU.Build.0 = Release|Any CPU
		{93C3DCE1-58CE-459D-B83B-AFE9302D30D5}.Debug|Any CPU.ActiveCfg = Debug|Any CPU
		{93C3DCE1-58CE-459D-B83B-AFE9302D30D5}.Debug|Any CPU.Build.0 = Debug|Any CPU
		{93C3DCE1-58CE-459D-B83B-AFE9302D30D5}.Release|Any CPU.ActiveCfg = Release|Any CPU
		{93C3DCE1-58CE-459D-B83B-AFE9302D30D5}.Release|Any CPU.Build.0 = Release|Any CPU
		{421D3FFC-4900-49D1-A9CF-A86424A33933}.Debug|Any CPU.ActiveCfg = Debug|Any CPU
		{421D3FFC-4900-49D1-A9CF-A86424A33933}.Debug|Any CPU.Build.0 = Debug|Any CPU
		{421D3FFC-4900-49D1-A9CF-A86424A33933}.Release|Any CPU.ActiveCfg = Release|Any CPU
		{421D3FFC-4900-49D1-A9CF-A86424A33933}.Release|Any CPU.Build.0 = Release|Any CPU
		{E44C0343-0D2E-45A7-BF51-3BC32B1450A0}.Debug|Any CPU.ActiveCfg = Debug|Any CPU
		{E44C0343-0D2E-45A7-BF51-3BC32B1450A0}.Debug|Any CPU.Build.0 = Debug|Any CPU
		{E44C0343-0D2E-45A7-BF51-3BC32B1450A0}.Release|Any CPU.ActiveCfg = Release|Any CPU
		{E44C0343-0D2E-45A7-BF51-3BC32B1450A0}.Release|Any CPU.Build.0 = Release|Any CPU
		{8432A93B-A90A-426C-861F-E00D147BB25A}.Debug|Any CPU.ActiveCfg = Debug|Any CPU
		{8432A93B-A90A-426C-861F-E00D147BB25A}.Debug|Any CPU.Build.0 = Debug|Any CPU
		{8432A93B-A90A-426C-861F-E00D147BB25A}.Release|Any CPU.ActiveCfg = Release|Any CPU
		{8432A93B-A90A-426C-861F-E00D147BB25A}.Release|Any CPU.Build.0 = Release|Any CPU
		{CD10CDAC-78B0-4264-8275-4D2CE4FDB3FC}.Debug|Any CPU.ActiveCfg = Debug|Any CPU
		{CD10CDAC-78B0-4264-8275-4D2CE4FDB3FC}.Debug|Any CPU.Build.0 = Debug|Any CPU
		{CD10CDAC-78B0-4264-8275-4D2CE4FDB3FC}.Release|Any CPU.ActiveCfg = Release|Any CPU
		{CD10CDAC-78B0-4264-8275-4D2CE4FDB3FC}.Release|Any CPU.Build.0 = Release|Any CPU
	EndGlobalSection
	GlobalSection(SolutionProperties) = preSolution
		HideSolutionNode = FALSE
	EndGlobalSection
	GlobalSection(ExtensibilityGlobals) = postSolution
		SolutionGuid = {A3F42B31-8701-4D40-ADE7-C64E8D0FD7B0}
	EndGlobalSection
EndGlobal
