
Microsoft Visual Studio Solution File, Format Version 12.00
Project("{FAE04EC0-301F-11D3-BF4B-00C04F79EFBC}") = "DataAccess.API", "DataAccess.API\DataAccess.API.csproj", "{C6FB7FD8-5EA0-4368-8A37-A0D0A665346C}"
EndProject
Project("{FAE04EC0-301F-11D3-BF4B-00C04F79EFBC}") = "DataAccess.SampleImpl", "DataAccess.SampleImpl\DataAccess.SampleImpl.csproj", "{5F774225-4CB5-4E3C-877A-D7C8F305DF16}"
EndProject
Project("{FAE04EC0-301F-11D3-BF4B-00C04F79EFBC}") = "DataAccess.SampleImpl.Tests", "DataAccess.SampleImpl.Tests\DataAccess.SampleImpl.Tests.csproj", "{0AA6574D-017F-4443-B574-7006B4F234C5}"
EndProject
Project("{FAE04EC0-301F-11D3-BF4B-00C04F79EFBC}") = "BusinessLogic", "BusinessLogic\BusinessLogic.csproj", "{58B6B832-0A15-401F-8218-6267CB51B01A}"
EndProject
Project("{FAE04EC0-301F-11D3-BF4B-00C04F79EFBC}") = "BusinessLogic.Tests", "BusinessLogic.Tests\BusinessLogic.Tests.csproj", "{93C3DCE1-58CE-459D-B83B-AFE9302D30D5}"
EndProject
Global
	GlobalSection(SolutionConfigurationPlatforms) = preSolution
		Debug|Any CPU = Debug|Any CPU
		Release|Any CPU = Release|Any CPU
	EndGlobalSection
	GlobalSection(ProjectConfigurationPlatforms) = postSolution
		{C6FB7FD8-5EA0-4368-8A37-A0D0A665346C}.Debug|Any CPU.ActiveCfg = Debug|Any CPU
		{C6FB7FD8-5EA0-4368-8A37-A0D0A665346C}.Debug|Any CPU.Build.0 = Debug|Any CPU
		{C6FB7FD8-5EA0-4368-8A37-A0D0A665346C}.Release|Any CPU.ActiveCfg = Release|Any CPU
		{C6FB7FD8-5EA0-4368-8A37-A0D0A665346C}.Release|Any CPU.Build.0 = Release|Any CPU
		{5F774225-4CB5-4E3C-877A-D7C8F305DF16}.Debug|Any CPU.ActiveCfg = Debug|Any CPU
		{5F774225-4CB5-4E3C-877A-D7C8F305DF16}.Debug|Any CPU.Build.0 = Debug|Any CPU
		{5F774225-4CB5-4E3C-877A-D7C8F305DF16}.Release|Any CPU.ActiveCfg = Release|Any CPU
		{5F774225-4CB5-4E3C-877A-D7C8F305DF16}.Release|Any CPU.Build.0 = Release|Any CPU
		{0AA6574D-017F-4443-B574-7006B4F234C5}.Debug|Any CPU.ActiveCfg = Debug|Any CPU
		{0AA6574D-017F-4443-B574-7006B4F234C5}.Debug|Any CPU.Build.0 = Debug|Any CPU
		{0AA6574D-017F-4443-B574-7006B4F234C5}.Release|Any CPU.ActiveCfg = Release|Any CPU
		{0AA6574D-017F-4443-B574-7006B4F234C5}.Release|Any CPU.Build.0 = Release|Any CPU
		{58B6B832-0A15-401F-8218-6267CB51B01A}.Debug|Any CPU.ActiveCfg = Debug|Any CPU
		{58B6B832-0A15-401F-8218-6267CB51B01A}.Debug|Any CPU.Build.0 = Debug|Any CPU
		{58B6B832-0A15-401F-8218-6267CB51B01A}.Release|Any CPU.ActiveCfg = Release|Any CPU
		{58B6B832-0A15-401F-8218-6267CB51B01A}.Release|Any CPU.Build.0 = Release|Any CPU
		{93C3DCE1-58CE-459D-B83B-AFE9302D30D5}.Debug|Any CPU.ActiveCfg = Debug|Any CPU
		{93C3DCE1-58CE-459D-B83B-AFE9302D30D5}.Debug|Any CPU.Build.0 = Debug|Any CPU
		{93C3DCE1-58CE-459D-B83B-AFE9302D30D5}.Release|Any CPU.ActiveCfg = Release|Any CPU
		{93C3DCE1-58CE-459D-B83B-AFE9302D30D5}.Release|Any CPU.Build.0 = Release|Any CPU
	EndGlobalSection
EndGlobal
